
Microsoft Visual Studio Solution File, Format Version 12.00
# Visual Studio Version 16
VisualStudioVersion = 16.0.32106.194
MinimumVisualStudioVersion = 10.0.40219.1
Project("{FAE04EC0-301F-11D3-BF4B-00C04F79EFBC}") = "LabExam", "LabExam.csproj", "{44015DE7-0A92-4DE3-8D30-F2BF3ED46856}"
EndProject
Global
	GlobalSection(SolutionConfigurationPlatforms) = preSolution
		Debug|Any CPU = Debug|Any CPU
		Release|Any CPU = Release|Any CPU
	EndGlobalSection
	GlobalSection(ProjectConfigurationPlatforms) = postSolution
		{44015DE7-0A92-4DE3-8D30-F2BF3ED46856}.Debug|Any CPU.ActiveCfg = Debug|Any CPU
		{44015DE7-0A92-4DE3-8D30-F2BF3ED46856}.Debug|Any CPU.Build.0 = Debug|Any CPU
		{44015DE7-0A92-4DE3-8D30-F2BF3ED46856}.Release|Any CPU.ActiveCfg = Release|Any CPU
		{44015DE7-0A92-4DE3-8D30-F2BF3ED46856}.Release|Any CPU.Build.0 = Release|Any CPU
	EndGlobalSection
	GlobalSection(SolutionProperties) = preSolution
		HideSolutionNode = FALSE
	EndGlobalSection
	GlobalSection(ExtensibilityGlobals) = postSolution
		SolutionGuid = {243CBD28-75BD-4B5D-9030-4910A84C7073}
	EndGlobalSection
EndGlobal
